
Microsoft Visual Studio Solution File, Format Version 12.00
# Visual Studio Version 17
VisualStudioVersion = 17.9.34622.214
MinimumVisualStudioVersion = 10.0.40219.1
Project("{FAE04EC0-301F-11D3-BF4B-00C04F79EFBC}") = "ActivityIndicator", "ActivityIndicator\ActivityIndicator.csproj", "{582869E4-F715-4658-A2AA-CA102769651C}"
EndProject
Global
	GlobalSection(SolutionConfigurationPlatforms) = preSolution
		Debug|Any CPU = Debug|Any CPU
		Release|Any CPU = Release|Any CPU
	EndGlobalSection
	GlobalSection(ProjectConfigurationPlatforms) = postSolution
		{582869E4-F715-4658-A2AA-CA102769651C}.Debug|Any CPU.ActiveCfg = Debug|Any CPU
		{582869E4-F715-4658-A2AA-CA102769651C}.Debug|Any CPU.Build.0 = Debug|Any CPU
		{582869E4-F715-4658-A2AA-CA102769651C}.Debug|Any CPU.Deploy.0 = Debug|Any CPU
		{582869E4-F715-4658-A2AA-CA102769651C}.Release|Any CPU.ActiveCfg = Release|Any CPU
		{582869E4-F715-4658-A2AA-CA102769651C}.Release|Any CPU.Build.0 = Release|Any CPU
		{582869E4-F715-4658-A2AA-CA102769651C}.Release|Any CPU.Deploy.0 = Release|Any CPU
	EndGlobalSection
	GlobalSection(SolutionProperties) = preSolution
		HideSolutionNode = FALSE
	EndGlobalSection
	GlobalSection(ExtensibilityGlobals) = postSolution
		SolutionGuid = {8442B397-CEED-41D1-8AEA-380925B63BE0}
	EndGlobalSection
EndGlobal
